
Microsoft Visual Studio Solution File, Format Version 12.00
# Visual Studio Version 16
VisualStudioVersion = 16.0.30011.22
MinimumVisualStudioVersion = 10.0.40219.1
Project("{FAE04EC0-301F-11D3-BF4B-00C04F79EFBC}") = "SingletonPattern", "SingletonPattern\SingletonPattern.csproj", "{2E993A00-16E2-45B4-ADF0-B140E897621B}"
EndProject
Global
	GlobalSection(SolutionConfigurationPlatforms) = preSolution
		Debug|Any CPU = Debug|Any CPU
		Release|Any CPU = Release|Any CPU
	EndGlobalSection
	GlobalSection(ProjectConfigurationPlatforms) = postSolution
		{2E993A00-16E2-45B4-ADF0-B140E897621B}.Debug|Any CPU.ActiveCfg = Debug|Any CPU
		{2E993A00-16E2-45B4-ADF0-B140E897621B}.Debug|Any CPU.Build.0 = Debug|Any CPU
		{2E993A00-16E2-45B4-ADF0-B140E897621B}.Release|Any CPU.ActiveCfg = Release|Any CPU
		{2E993A00-16E2-45B4-ADF0-B140E897621B}.Release|Any CPU.Build.0 = Release|Any CPU
	EndGlobalSection
	GlobalSection(SolutionProperties) = preSolution
		HideSolutionNode = FALSE
	EndGlobalSection
	GlobalSection(ExtensibilityGlobals) = postSolution
		SolutionGuid = {674F9689-83AA-4C6A-B3C4-C93BF20DE4C6}
	EndGlobalSection
EndGlobal
